// !$*UTF8*$!
{
	archiveVersion = 1;
	classes = {
	};
	objectVersion = 46;
	objects = {

/* Begin PBXBuildFile section */
		CB972BFB14F47CCE00C93A6A /* UIKit.framework in Frameworks */ = {isa = PBXBuildFile; fileRef = CB972BFA14F47CCE00C93A6A /* UIKit.framework */; };
		CB972BFD14F47CCE00C93A6A /* Foundation.framework in Frameworks */ = {isa = PBXBuildFile; fileRef = CB972BFC14F47CCE00C93A6A /* Foundation.framework */; };
		CB972BFF14F47CCE00C93A6A /* CoreGraphics.framework in Frameworks */ = {isa = PBXBuildFile; fileRef = CB972BFE14F47CCE00C93A6A /* CoreGraphics.framework */; };
		CB972C0514F47CCE00C93A6A /* InfoPlist.strings in Resources */ = {isa = PBXBuildFile; fileRef = CB972C0314F47CCE00C93A6A /* InfoPlist.strings */; };
		CB972C0714F47CCE00C93A6A /* main.m in Sources */ = {isa = PBXBuildFile; fileRef = CB972C0614F47CCE00C93A6A /* main.m */; };
		CB972C0B14F47CCE00C93A6A /* AppDelegate.m in Sources */ = {isa = PBXBuildFile; fileRef = CB972C0A14F47CCE00C93A6A /* AppDelegate.m */; };
		CB972C0E14F47CCE00C93A6A /* ViewController.m in Sources */ = {isa = PBXBuildFile; fileRef = CB972C0D14F47CCE00C93A6A /* ViewController.m */; };
		CB972C3B14F47D0300C93A6A /* TBinaryProtocol.m in Sources */ = {isa = PBXBuildFile; fileRef = CB972C1A14F47D0300C93A6A /* TBinaryProtocol.m */; };
		CB972C3C14F47D0300C93A6A /* TProtocolException.m in Sources */ = {isa = PBXBuildFile; fileRef = CB972C1D14F47D0300C93A6A /* TProtocolException.m */; };
		CB972C3D14F47D0300C93A6A /* TProtocolUtil.m in Sources */ = {isa = PBXBuildFile; fileRef = CB972C2014F47D0300C93A6A /* TProtocolUtil.m */; };
		CB972C3E14F47D0300C93A6A /* TSocketServer.m in Sources */ = {isa = PBXBuildFile; fileRef = CB972C2314F47D0300C93A6A /* TSocketServer.m */; };
		CB972C3F14F47D0300C93A6A /* TApplicationException.m in Sources */ = {isa = PBXBuildFile; fileRef = CB972C2514F47D0300C93A6A /* TApplicationException.m */; };
		CB972C4014F47D0300C93A6A /* TException.m in Sources */ = {isa = PBXBuildFile; fileRef = CB972C2714F47D0300C93A6A /* TException.m */; };
		CB972C4114F47D0300C93A6A /* THTTPClient.m in Sources */ = {isa = PBXBuildFile; fileRef = CB972C2D14F47D0300C93A6A /* THTTPClient.m */; };
		CB972C4214F47D0300C93A6A /* TMemoryBuffer.m in Sources */ = {isa = PBXBuildFile; fileRef = CB972C2F14F47D0300C93A6A /* TMemoryBuffer.m */; };
		CB972C4314F47D0300C93A6A /* TNSFileHandleTransport.m in Sources */ = {isa = PBXBuildFile; fileRef = CB972C3114F47D0300C93A6A /* TNSFileHandleTransport.m */; };
		CB972C4414F47D0300C93A6A /* TNSStreamTransport.m in Sources */ = {isa = PBXBuildFile; fileRef = CB972C3314F47D0300C93A6A /* TNSStreamTransport.m */; };
		CB972C4514F47D0300C93A6A /* TSocketClient.m in Sources */ = {isa = PBXBuildFile; fileRef = CB972C3514F47D0300C93A6A /* TSocketClient.m */; };
		CB972C4614F47D0300C93A6A /* TTransportException.m in Sources */ = {isa = PBXBuildFile; fileRef = CB972C3814F47D0300C93A6A /* TTransportException.m */; };
		CB972C4714F47D0300C93A6A /* TSharedProcessorFactory.m in Sources */ = {isa = PBXBuildFile; fileRef = CB972C3A14F47D0300C93A6A /* TSharedProcessorFactory.m */; };
		CB972C4F14F47D3800C93A6A /* idl.m in Sources */ = {isa = PBXBuildFile; fileRef = CB972C4B14F47D3100C93A6A /* idl.m */; };
		CB972C5114F47D9A00C93A6A /* ViewController.xib in Resources */ = {isa = PBXBuildFile; fileRef = CB972C5014F47D9A00C93A6A /* ViewController.xib */; };
/* End PBXBuildFile section */

/* Begin PBXFileReference section */
		CB972BF614F47CCE00C93A6A /* myThriftApp.app */ = {isa = PBXFileReference; explicitFileType = wrapper.application; includeInIndex = 0; path = myThriftApp.app; sourceTree = BUILT_PRODUCTS_DIR; };
		CB972BFA14F47CCE00C93A6A /* UIKit.framework */ = {isa = PBXFileReference; lastKnownFileType = wrapper.framework; name = UIKit.framework; path = System/Library/Frameworks/UIKit.framework; sourceTree = SDKROOT; };
		CB972BFC14F47CCE00C93A6A /* Foundation.framework */ = {isa = PBXFileReference; lastKnownFileType = wrapper.framework; name = Foundation.framework; path = System/Library/Frameworks/Foundation.framework; sourceTree = SDKROOT; };
		CB972BFE14F47CCE00C93A6A /* CoreGraphics.framework */ = {isa = PBXFileReference; lastKnownFileType = wrapper.framework; name = CoreGraphics.framework; path = System/Library/Frameworks/CoreGraphics.framework; sourceTree = SDKROOT; };
		CB972C0214F47CCE00C93A6A /* myThriftApp-Info.plist */ = {isa = PBXFileReference; lastKnownFileType = text.plist.xml; path = "myThriftApp-Info.plist"; sourceTree = "<group>"; };
		CB972C0414F47CCE00C93A6A /* en */ = {isa = PBXFileReference; lastKnownFileType = text.plist.strings; name = en; path = en.lproj/InfoPlist.strings; sourceTree = "<group>"; };
		CB972C0614F47CCE00C93A6A /* main.m */ = {isa = PBXFileReference; lastKnownFileType = sourcecode.c.objc; path = main.m; sourceTree = "<group>"; };
		CB972C0814F47CCE00C93A6A /* myThriftApp-Prefix.pch */ = {isa = PBXFileReference; lastKnownFileType = sourcecode.c.h; path = "myThriftApp-Prefix.pch"; sourceTree = "<group>"; };
		CB972C0914F47CCE00C93A6A /* AppDelegate.h */ = {isa = PBXFileReference; lastKnownFileType = sourcecode.c.h; path = AppDelegate.h; sourceTree = "<group>"; };
		CB972C0A14F47CCE00C93A6A /* AppDelegate.m */ = {isa = PBXFileReference; lastKnownFileType = sourcecode.c.objc; path = AppDelegate.m; sourceTree = "<group>"; };
		CB972C0C14F47CCE00C93A6A /* ViewController.h */ = {isa = PBXFileReference; lastKnownFileType = sourcecode.c.h; path = ViewController.h; sourceTree = "<group>"; };
		CB972C0D14F47CCE00C93A6A /* ViewController.m */ = {isa = PBXFileReference; lastKnownFileType = sourcecode.c.objc; path = ViewController.m; sourceTree = "<group>"; };
		CB972C1914F47D0300C93A6A /* TBinaryProtocol.h */ = {isa = PBXFileReference; fileEncoding = 4; lastKnownFileType = sourcecode.c.h; path = TBinaryProtocol.h; sourceTree = "<group>"; };
		CB972C1A14F47D0300C93A6A /* TBinaryProtocol.m */ = {isa = PBXFileReference; fileEncoding = 4; lastKnownFileType = sourcecode.c.objc; path = TBinaryProtocol.m; sourceTree = "<group>"; };
		CB972C1B14F47D0300C93A6A /* TProtocol.h */ = {isa = PBXFileReference; fileEncoding = 4; lastKnownFileType = sourcecode.c.h; path = TProtocol.h; sourceTree = "<group>"; };
		CB972C1C14F47D0300C93A6A /* TProtocolException.h */ = {isa = PBXFileReference; fileEncoding = 4; lastKnownFileType = sourcecode.c.h; path = TProtocolException.h; sourceTree = "<group>"; };
		CB972C1D14F47D0300C93A6A /* TProtocolException.m */ = {isa = PBXFileReference; fileEncoding = 4; lastKnownFileType = sourcecode.c.objc; path = TProtocolException.m; sourceTree = "<group>"; };
		CB972C1E14F47D0300C93A6A /* TProtocolFactory.h */ = {isa = PBXFileReference; fileEncoding = 4; lastKnownFileType = sourcecode.c.h; path = TProtocolFactory.h; sourceTree = "<group>"; };
		CB972C1F14F47D0300C93A6A /* TProtocolUtil.h */ = {isa = PBXFileReference; fileEncoding = 4; lastKnownFileType = sourcecode.c.h; path = TProtocolUtil.h; sourceTree = "<group>"; };
		CB972C2014F47D0300C93A6A /* TProtocolUtil.m */ = {isa = PBXFileReference; fileEncoding = 4; lastKnownFileType = sourcecode.c.objc; path = TProtocolUtil.m; sourceTree = "<group>"; };
		CB972C2214F47D0300C93A6A /* TSocketServer.h */ = {isa = PBXFileReference; fileEncoding = 4; lastKnownFileType = sourcecode.c.h; path = TSocketServer.h; sourceTree = "<group>"; };
		CB972C2314F47D0300C93A6A /* TSocketServer.m */ = {isa = PBXFileReference; fileEncoding = 4; lastKnownFileType = sourcecode.c.objc; path = TSocketServer.m; sourceTree = "<group>"; };
		CB972C2414F47D0300C93A6A /* TApplicationException.h */ = {isa = PBXFileReference; fileEncoding = 4; lastKnownFileType = sourcecode.c.h; path = TApplicationException.h; sourceTree = "<group>"; };
		CB972C2514F47D0300C93A6A /* TApplicationException.m */ = {isa = PBXFileReference; fileEncoding = 4; lastKnownFileType = sourcecode.c.objc; path = TApplicationException.m; sourceTree = "<group>"; };
		CB972C2614F47D0300C93A6A /* TException.h */ = {isa = PBXFileReference; fileEncoding = 4; lastKnownFileType = sourcecode.c.h; path = TException.h; sourceTree = "<group>"; };
		CB972C2714F47D0300C93A6A /* TException.m */ = {isa = PBXFileReference; fileEncoding = 4; lastKnownFileType = sourcecode.c.objc; path = TException.m; sourceTree = "<group>"; };
		CB972C2814F47D0300C93A6A /* TObjective-C.h */ = {isa = PBXFileReference; fileEncoding = 4; lastKnownFileType = sourcecode.c.h; path = "TObjective-C.h"; sourceTree = "<group>"; };
		CB972C2914F47D0300C93A6A /* TProcessor.h */ = {isa = PBXFileReference; fileEncoding = 4; lastKnownFileType = sourcecode.c.h; path = TProcessor.h; sourceTree = "<group>"; };
		CB972C2A14F47D0300C93A6A /* TProcessorFactory.h */ = {isa = PBXFileReference; fileEncoding = 4; lastKnownFileType = sourcecode.c.h; path = TProcessorFactory.h; sourceTree = "<group>"; };
		CB972C2C14F47D0300C93A6A /* THTTPClient.h */ = {isa = PBXFileReference; fileEncoding = 4; lastKnownFileType = sourcecode.c.h; path = THTTPClient.h; sourceTree = "<group>"; };
		CB972C2D14F47D0300C93A6A /* THTTPClient.m */ = {isa = PBXFileReference; fileEncoding = 4; lastKnownFileType = sourcecode.c.objc; path = THTTPClient.m; sourceTree = "<group>"; };
		CB972C2E14F47D0300C93A6A /* TMemoryBuffer.h */ = {isa = PBXFileReference; fileEncoding = 4; lastKnownFileType = sourcecode.c.h; path = TMemoryBuffer.h; sourceTree = "<group>"; };
		CB972C2F14F47D0300C93A6A /* TMemoryBuffer.m */ = {isa = PBXFileReference; fileEncoding = 4; lastKnownFileType = sourcecode.c.objc; path = TMemoryBuffer.m; sourceTree = "<group>"; };
		CB972C3014F47D0300C93A6A /* TNSFileHandleTransport.h */ = {isa = PBXFileReference; fileEncoding = 4; lastKnownFileType = sourcecode.c.h; path = TNSFileHandleTransport.h; sourceTree = "<group>"; };
		CB972C3114F47D0300C93A6A /* TNSFileHandleTransport.m */ = {isa = PBXFileReference; fileEncoding = 4; lastKnownFileType = sourcecode.c.objc; path = TNSFileHandleTransport.m; sourceTree = "<group>"; };
		CB972C3214F47D0300C93A6A /* TNSStreamTransport.h */ = {isa = PBXFileReference; fileEncoding = 4; lastKnownFileType = sourcecode.c.h; path = TNSStreamTransport.h; sourceTree = "<group>"; };
		CB972C3314F47D0300C93A6A /* TNSStreamTransport.m */ = {isa = PBXFileReference; fileEncoding = 4; lastKnownFileType = sourcecode.c.objc; path = TNSStreamTransport.m; sourceTree = "<group>"; };
		CB972C3414F47D0300C93A6A /* TSocketClient.h */ = {isa = PBXFileReference; fileEncoding = 4; lastKnownFileType = sourcecode.c.h; path = TSocketClient.h; sourceTree = "<group>"; };
		CB972C3514F47D0300C93A6A /* TSocketClient.m */ = {isa = PBXFileReference; fileEncoding = 4; lastKnownFileType = sourcecode.c.objc; path = TSocketClient.m; sourceTree = "<group>"; };
		CB972C3614F47D0300C93A6A /* TTransport.h */ = {isa = PBXFileReference; fileEncoding = 4; lastKnownFileType = sourcecode.c.h; path = TTransport.h; sourceTree = "<group>"; };
		CB972C3714F47D0300C93A6A /* TTransportException.h */ = {isa = PBXFileReference; fileEncoding = 4; lastKnownFileType = sourcecode.c.h; path = TTransportException.h; sourceTree = "<group>"; };
		CB972C3814F47D0300C93A6A /* TTransportException.m */ = {isa = PBXFileReference; fileEncoding = 4; lastKnownFileType = sourcecode.c.objc; path = TTransportException.m; sourceTree = "<group>"; };
		CB972C3914F47D0300C93A6A /* TSharedProcessorFactory.h */ = {isa = PBXFileReference; fileEncoding = 4; lastKnownFileType = sourcecode.c.h; path = TSharedProcessorFactory.h; sourceTree = "<group>"; };
		CB972C3A14F47D0300C93A6A /* TSharedProcessorFactory.m */ = {isa = PBXFileReference; fileEncoding = 4; lastKnownFileType = sourcecode.c.objc; path = TSharedProcessorFactory.m; sourceTree = "<group>"; };
		CB972C4814F47D3100C93A6A /* idl.thrift */ = {isa = PBXFileReference; lastKnownFileType = text; path = idl.thrift; sourceTree = "<group>"; };
		CB972C4A14F47D3100C93A6A /* idl.h */ = {isa = PBXFileReference; lastKnownFileType = sourcecode.c.h; path = idl.h; sourceTree = "<group>"; };
		CB972C4B14F47D3100C93A6A /* idl.m */ = {isa = PBXFileReference; lastKnownFileType = sourcecode.c.objc; path = idl.m; sourceTree = "<group>"; };
		CB972C5014F47D9A00C93A6A /* ViewController.xib */ = {isa = PBXFileReference; fileEncoding = 4; lastKnownFileType = file.xib; path = ViewController.xib; sourceTree = "<group>"; };
		CB972C5214F4818D00C93A6A /* BulletinBoard.java */ = {isa = PBXFileReference; lastKnownFileType = sourcecode.java; path = BulletinBoard.java; sourceTree = "<group>"; };
		CB972C5314F4818D00C93A6A /* BulletinBoardImpl.java */ = {isa = PBXFileReference; lastKnownFileType = sourcecode.java; path = BulletinBoardImpl.java; sourceTree = "<group>"; };
		CB972C5414F4818D00C93A6A /* Message.java */ = {isa = PBXFileReference; lastKnownFileType = sourcecode.java; path = Message.java; sourceTree = "<group>"; };
		CB972C5514F4818D00C93A6A /* Server.java */ = {isa = PBXFileReference; lastKnownFileType = sourcecode.java; path = Server.java; sourceTree = "<group>"; };
/* End PBXFileReference section */

/* Begin PBXFrameworksBuildPhase section */
		CB972BF314F47CCE00C93A6A /* Frameworks */ = {
			isa = PBXFrameworksBuildPhase;
			buildActionMask = 2147483647;
			files = (
				CB972BFB14F47CCE00C93A6A /* UIKit.framework in Frameworks */,
				CB972BFD14F47CCE00C93A6A /* Foundation.framework in Frameworks */,
				CB972BFF14F47CCE00C93A6A /* CoreGraphics.framework in Frameworks */,
			);
			runOnlyForDeploymentPostprocessing = 0;
		};
/* End PBXFrameworksBuildPhase section */

/* Begin PBXGroup section */
		CB972BEB14F47CCE00C93A6A = {
			isa = PBXGroup;
			children = (
				CB972C4814F47D3100C93A6A /* idl.thrift */,
				CB972C4914F47D3100C93A6A /* gen-cocoa */,
				CB972C4C14F47D3100C93A6A /* gen-java */,
				CB972C1714F47D0300C93A6A /* thrift */,
				CB972C0014F47CCE00C93A6A /* myThriftApp */,
				CB972BF914F47CCE00C93A6A /* Frameworks */,
				CB972BF714F47CCE00C93A6A /* Products */,
			);
			sourceTree = "<group>";
		};
		CB972BF714F47CCE00C93A6A /* Products */ = {
			isa = PBXGroup;
			children = (
				CB972BF614F47CCE00C93A6A /* myThriftApp.app */,
			);
			name = Products;
			sourceTree = "<group>";
		};
		CB972BF914F47CCE00C93A6A /* Frameworks */ = {
			isa = PBXGroup;
			children = (
				CB972BFA14F47CCE00C93A6A /* UIKit.framework */,
				CB972BFC14F47CCE00C93A6A /* Foundation.framework */,
				CB972BFE14F47CCE00C93A6A /* CoreGraphics.framework */,
			);
			name = Frameworks;
			sourceTree = "<group>";
		};
		CB972C0014F47CCE00C93A6A /* myThriftApp */ = {
			isa = PBXGroup;
			children = (
				CB972C0914F47CCE00C93A6A /* AppDelegate.h */,
				CB972C0A14F47CCE00C93A6A /* AppDelegate.m */,
				CB972C0C14F47CCE00C93A6A /* ViewController.h */,
				CB972C0D14F47CCE00C93A6A /* ViewController.m */,
				CB972C5014F47D9A00C93A6A /* ViewController.xib */,
				CB972C0114F47CCE00C93A6A /* Supporting Files */,
			);
			path = myThriftApp;
			sourceTree = "<group>";
		};
		CB972C0114F47CCE00C93A6A /* Supporting Files */ = {
			isa = PBXGroup;
			children = (
				CB972C0214F47CCE00C93A6A /* myThriftApp-Info.plist */,
				CB972C0314F47CCE00C93A6A /* InfoPlist.strings */,
				CB972C0614F47CCE00C93A6A /* main.m */,
				CB972C0814F47CCE00C93A6A /* myThriftApp-Prefix.pch */,
			);
			name = "Supporting Files";
			sourceTree = "<group>";
		};
		CB972C1714F47D0300C93A6A /* thrift */ = {
			isa = PBXGroup;
			children = (
				CB972C1814F47D0300C93A6A /* protocol */,
				CB972C2114F47D0300C93A6A /* server */,
				CB972C2414F47D0300C93A6A /* TApplicationException.h */,
				CB972C2514F47D0300C93A6A /* TApplicationException.m */,
				CB972C2614F47D0300C93A6A /* TException.h */,
				CB972C2714F47D0300C93A6A /* TException.m */,
				CB972C2814F47D0300C93A6A /* TObjective-C.h */,
				CB972C2914F47D0300C93A6A /* TProcessor.h */,
				CB972C2A14F47D0300C93A6A /* TProcessorFactory.h */,
				CB972C2B14F47D0300C93A6A /* transport */,
				CB972C3914F47D0300C93A6A /* TSharedProcessorFactory.h */,
				CB972C3A14F47D0300C93A6A /* TSharedProcessorFactory.m */,
			);
			path = thrift;
			sourceTree = SOURCE_ROOT;
		};
		CB972C1814F47D0300C93A6A /* protocol */ = {
			isa = PBXGroup;
			children = (
				CB972C1914F47D0300C93A6A /* TBinaryProtocol.h */,
				CB972C1A14F47D0300C93A6A /* TBinaryProtocol.m */,
				CB972C1B14F47D0300C93A6A /* TProtocol.h */,
				CB972C1C14F47D0300C93A6A /* TProtocolException.h */,
				CB972C1D14F47D0300C93A6A /* TProtocolException.m */,
				CB972C1E14F47D0300C93A6A /* TProtocolFactory.h */,
				CB972C1F14F47D0300C93A6A /* TProtocolUtil.h */,
				CB972C2014F47D0300C93A6A /* TProtocolUtil.m */,
			);
			path = protocol;
			sourceTree = "<group>";
		};
		CB972C2114F47D0300C93A6A /* server */ = {
			isa = PBXGroup;
			children = (
				CB972C2214F47D0300C93A6A /* TSocketServer.h */,
				CB972C2314F47D0300C93A6A /* TSocketServer.m */,
			);
			path = server;
			sourceTree = "<group>";
		};
		CB972C2B14F47D0300C93A6A /* transport */ = {
			isa = PBXGroup;
			children = (
				CB972C2C14F47D0300C93A6A /* THTTPClient.h */,
				CB972C2D14F47D0300C93A6A /* THTTPClient.m */,
				CB972C2E14F47D0300C93A6A /* TMemoryBuffer.h */,
				CB972C2F14F47D0300C93A6A /* TMemoryBuffer.m */,
				CB972C3014F47D0300C93A6A /* TNSFileHandleTransport.h */,
				CB972C3114F47D0300C93A6A /* TNSFileHandleTransport.m */,
				CB972C3214F47D0300C93A6A /* TNSStreamTransport.h */,
				CB972C3314F47D0300C93A6A /* TNSStreamTransport.m */,
				CB972C3414F47D0300C93A6A /* TSocketClient.h */,
				CB972C3514F47D0300C93A6A /* TSocketClient.m */,
				CB972C3614F47D0300C93A6A /* TTransport.h */,
				CB972C3714F47D0300C93A6A /* TTransportException.h */,
				CB972C3814F47D0300C93A6A /* TTransportException.m */,
			);
			path = transport;
			sourceTree = "<group>";
		};
		CB972C4914F47D3100C93A6A /* gen-cocoa */ = {
			isa = PBXGroup;
			children = (
				CB972C4A14F47D3100C93A6A /* idl.h */,
				CB972C4B14F47D3100C93A6A /* idl.m */,
			);
			path = "gen-cocoa";
			sourceTree = "<group>";
		};
		CB972C4C14F47D3100C93A6A /* gen-java */ = {
			isa = PBXGroup;
			children = (
				CB972C5214F4818D00C93A6A /* BulletinBoard.java */,
				CB972C5314F4818D00C93A6A /* BulletinBoardImpl.java */,
				CB972C5414F4818D00C93A6A /* Message.java */,
				CB972C5514F4818D00C93A6A /* Server.java */,
			);
			path = "gen-java";
			sourceTree = "<group>";
		};
/* End PBXGroup section */

/* Begin PBXNativeTarget section */
		CB972BF514F47CCE00C93A6A /* myThriftApp */ = {
			isa = PBXNativeTarget;
			buildConfigurationList = CB972C1414F47CCE00C93A6A /* Build configuration list for PBXNativeTarget "myThriftApp" */;
			buildPhases = (
				CB972BF214F47CCE00C93A6A /* Sources */,
				CB972BF314F47CCE00C93A6A /* Frameworks */,
				CB972BF414F47CCE00C93A6A /* Resources */,
			);
			buildRules = (
			);
			dependencies = (
			);
			name = myThriftApp;
			productName = myThriftApp;
			productReference = CB972BF614F47CCE00C93A6A /* myThriftApp.app */;
			productType = "com.apple.product-type.application";
		};
/* End PBXNativeTarget section */

/* Begin PBXProject section */
		CB972BED14F47CCE00C93A6A /* Project object */ = {
			isa = PBXProject;
			attributes = {
				LastUpgradeCheck = 0420;
			};
			buildConfigurationList = CB972BF014F47CCE00C93A6A /* Build configuration list for PBXProject "myThriftApp" */;
			compatibilityVersion = "Xcode 3.2";
			developmentRegion = English;
			hasScannedForEncodings = 0;
			knownRegions = (
				en,
			);
			mainGroup = CB972BEB14F47CCE00C93A6A;
			productRefGroup = CB972BF714F47CCE00C93A6A /* Products */;
			projectDirPath = "";
			projectRoot = "";
			targets = (
				CB972BF514F47CCE00C93A6A /* myThriftApp */,
			);
		};
/* End PBXProject section */

/* Begin PBXResourcesBuildPhase section */
		CB972BF414F47CCE00C93A6A /* Resources */ = {
			isa = PBXResourcesBuildPhase;
			buildActionMask = 2147483647;
			files = (
				CB972C0514F47CCE00C93A6A /* InfoPlist.strings in Resources */,
				CB972C5114F47D9A00C93A6A /* ViewController.xib in Resources */,
			);
			runOnlyForDeploymentPostprocessing = 0;
		};
/* End PBXResourcesBuildPhase section */

/* Begin PBXSourcesBuildPhase section */
		CB972BF214F47CCE00C93A6A /* Sources */ = {
			isa = PBXSourcesBuildPhase;
			buildActionMask = 2147483647;
			files = (
				CB972C0714F47CCE00C93A6A /* main.m in Sources */,
				CB972C0B14F47CCE00C93A6A /* AppDelegate.m in Sources */,
				CB972C0E14F47CCE00C93A6A /* ViewController.m in Sources */,
				CB972C3B14F47D0300C93A6A /* TBinaryProtocol.m in Sources */,
				CB972C3C14F47D0300C93A6A /* TProtocolException.m in Sources */,
				CB972C3D14F47D0300C93A6A /* TProtocolUtil.m in Sources */,
				CB972C3E14F47D0300C93A6A /* TSocketServer.m in Sources */,
				CB972C3F14F47D0300C93A6A /* TApplicationException.m in Sources */,
				CB972C4014F47D0300C93A6A /* TException.m in Sources */,
				CB972C4114F47D0300C93A6A /* THTTPClient.m in Sources */,
				CB972C4214F47D0300C93A6A /* TMemoryBuffer.m in Sources */,
				CB972C4314F47D0300C93A6A /* TNSFileHandleTransport.m in Sources */,
				CB972C4414F47D0300C93A6A /* TNSStreamTransport.m in Sources */,
				CB972C4514F47D0300C93A6A /* TSocketClient.m in Sources */,
				CB972C4614F47D0300C93A6A /* TTransportException.m in Sources */,
				CB972C4714F47D0300C93A6A /* TSharedProcessorFactory.m in Sources */,
				CB972C4F14F47D3800C93A6A /* idl.m in Sources */,
			);
			runOnlyForDeploymentPostprocessing = 0;
		};
/* End PBXSourcesBuildPhase section */

/* Begin PBXVariantGroup section */
		CB972C0314F47CCE00C93A6A /* InfoPlist.strings */ = {
			isa = PBXVariantGroup;
			children = (
				CB972C0414F47CCE00C93A6A /* en */,
			);
			name = InfoPlist.strings;
			sourceTree = "<group>";
		};
/* End PBXVariantGroup section */

/* Begin XCBuildConfiguration section */
		CB972C1214F47CCE00C93A6A /* Debug */ = {
			isa = XCBuildConfiguration;
			buildSettings = {
				ALWAYS_SEARCH_USER_PATHS = NO;
				ARCHS = "$(ARCHS_STANDARD_32_BIT)";
				CLANG_ENABLE_OBJC_ARC = YES;
				"CODE_SIGN_IDENTITY[sdk=iphoneos*]" = "iPhone Developer";
				COPY_PHASE_STRIP = NO;
				GCC_C_LANGUAGE_STANDARD = gnu99;
				GCC_DYNAMIC_NO_PIC = NO;
				GCC_OPTIMIZATION_LEVEL = 0;
				GCC_PREPROCESSOR_DEFINITIONS = (
					"DEBUG=1",
					"$(inherited)",
				);
				GCC_SYMBOLS_PRIVATE_EXTERN = NO;
				GCC_VERSION = com.apple.compilers.llvm.clang.1_0;
				GCC_WARN_ABOUT_MISSING_PROTOTYPES = YES;
				GCC_WARN_ABOUT_RETURN_TYPE = YES;
				GCC_WARN_UNUSED_VARIABLE = YES;
				IPHONEOS_DEPLOYMENT_TARGET = 5.0;
				SDKROOT = iphoneos;
			};
			name = Debug;
		};
		CB972C1314F47CCE00C93A6A /* Release */ = {
			isa = XCBuildConfiguration;
			buildSettings = {
				ALWAYS_SEARCH_USER_PATHS = NO;
				ARCHS = "$(ARCHS_STANDARD_32_BIT)";
				CLANG_ENABLE_OBJC_ARC = YES;
				"CODE_SIGN_IDENTITY[sdk=iphoneos*]" = "iPhone Developer";
				COPY_PHASE_STRIP = YES;
				GCC_C_LANGUAGE_STANDARD = gnu99;
				GCC_VERSION = com.apple.compilers.llvm.clang.1_0;
				GCC_WARN_ABOUT_MISSING_PROTOTYPES = YES;
				GCC_WARN_ABOUT_RETURN_TYPE = YES;
				GCC_WARN_UNUSED_VARIABLE = YES;
				IPHONEOS_DEPLOYMENT_TARGET = 5.0;
				OTHER_CFLAGS = "-DNS_BLOCK_ASSERTIONS=1";
				SDKROOT = iphoneos;
				VALIDATE_PRODUCT = YES;
			};
			name = Release;
		};
		CB972C1514F47CCE00C93A6A /* Debug */ = {
			isa = XCBuildConfiguration;
			buildSettings = {
				ALWAYS_SEARCH_USER_PATHS = YES;
				FRAMEWORK_SEARCH_PATHS = (
					"$(inherited)",
					"$(SRCROOT)",
				);
				GCC_PRECOMPILE_PREFIX_HEADER = YES;
				GCC_PREFIX_HEADER = "myThriftApp/myThriftApp-Prefix.pch";
				INFOPLIST_FILE = "myThriftApp/myThriftApp-Info.plist";
				PRODUCT_NAME = "$(TARGET_NAME)";
				WRAPPER_EXTENSION = app;
			};
			name = Debug;
		};
		CB972C1614F47CCE00C93A6A /* Release */ = {
			isa = XCBuildConfiguration;
			buildSettings = {
				ALWAYS_SEARCH_USER_PATHS = YES;
				FRAMEWORK_SEARCH_PATHS = (
					"$(inherited)",
					"$(SRCROOT)",
				);
				GCC_PRECOMPILE_PREFIX_HEADER = YES;
				GCC_PREFIX_HEADER = "myThriftApp/myThriftApp-Prefix.pch";
				INFOPLIST_FILE = "myThriftApp/myThriftApp-Info.plist";
				PRODUCT_NAME = "$(TARGET_NAME)";
				WRAPPER_EXTENSION = app;
			};
			name = Release;
		};
/* End XCBuildConfiguration section */

/* Begin XCConfigurationList section */
		CB972BF014F47CCE00C93A6A /* Build configuration list for PBXProject "myThriftApp" */ = {
			isa = XCConfigurationList;
			buildConfigurations = (
				CB972C1214F47CCE00C93A6A /* Debug */,
				CB972C1314F47CCE00C93A6A /* Release */,
			);
			defaultConfigurationIsVisible = 0;
			defaultConfigurationName = Release;
		};
		CB972C1414F47CCE00C93A6A /* Build configuration list for PBXNativeTarget "myThriftApp" */ = {
			isa = XCConfigurationList;
			buildConfigurations = (
				CB972C1514F47CCE00C93A6A /* Debug */,
				CB972C1614F47CCE00C93A6A /* Release */,
			);
			defaultConfigurationIsVisible = 0;
			defaultConfigurationName = Release;
		};
/* End XCConfigurationList section */
	};
	rootObject = CB972BED14F47CCE00C93A6A /* Project object */;
}
